{
    "_meta": {
        "hash": {
            "sha256": "da2ec602c80b176c90ccdba3624777867aabb098ec6d45f850a2d09e4c7cf22f"
        },
        "pipfile-spec": 6,
        "requires": {
            "python_version": "3.9"
        },
        "sources": [
            {
                "name": "pypi",
                "url": "https://pypi.org/simple",
                "verify_ssl": true
            }
        ]
    },
    "default": {
        "certifi": {
            "hashes": [
                "sha256:539cc1d13202e33ca466e88b2807e29f4c13049d6d87031a3c110744495cb082",
                "sha256:92d6037539857d8206b8f6ae472e8b77db8058fec5937a1ef3f54304089edbb9"
            ],
            "markers": "python_version >= '3.6'",
            "version": "==2023.7.22"
        },
        "charset-normalizer": {
            "hashes": [
                "sha256:04e57ab9fbf9607b77f7d057974694b4f6b142da9ed4a199859d9d4d5c63fe96",
                "sha256:09393e1b2a9461950b1c9a45d5fd251dc7c6f228acab64da1c9c0165d9c7765c",
                "sha256:0b87549028f680ca955556e3bd57013ab47474c3124dc069faa0b6545b6c9710",
                "sha256:1000fba1057b92a65daec275aec30586c3de2401ccdcd41f8a5c1e2c87078706",
                "sha256:1249cbbf3d3b04902ff081ffbb33ce3377fa6e4c7356f759f3cd076cc138d020",
                "sha256:1920d4ff15ce893210c1f0c0e9d19bfbecb7983c76b33f046c13a8ffbd570252",
                "sha256:193cbc708ea3aca45e7221ae58f0fd63f933753a9bfb498a3b474878f12caaad",
                "sha256:1a100c6d595a7f316f1b6f01d20815d916e75ff98c27a01ae817439ea7726329",
                "sha256:1f30b48dd7fa1474554b0b0f3fdfdd4c13b5c737a3c6284d3cdc424ec0ffff3a",
                "sha256:203f0c8871d5a7987be20c72442488a0b8cfd0f43b7973771640fc593f56321f",
                "sha256:246de67b99b6851627d945db38147d1b209a899311b1305dd84916f2b88526c6",
                "sha256:2dee8e57f052ef5353cf608e0b4c871aee320dd1b87d351c28764fc0ca55f9f4",
                "sha256:2efb1bd13885392adfda4614c33d3b68dee4921fd0ac1d3988f8cbb7d589e72a",
                "sha256:2f4ac36d8e2b4cc1aa71df3dd84ff8efbe3bfb97ac41242fbcfc053c67434f46",
                "sha256:3170c9399da12c9dc66366e9d14da8bf7147e1e9d9ea566067bbce7bb74bd9c2",
                "sha256:3b1613dd5aee995ec6d4c69f00378bbd07614702a315a2cf6c1d21461fe17c23",
                "sha256:3bb3d25a8e6c0aedd251753a79ae98a093c7e7b471faa3aa9a93a81431987ace",
                "sha256:3bb7fda7260735efe66d5107fb7e6af6a7c04c7fce9b2514e04b7a74b06bf5dd",
                "sha256:41b25eaa7d15909cf3ac4c96088c1f266a9a93ec44f87f1d13d4a0e86c81b982",
                "sha256:45de3f87179c1823e6d9e32156fb14c1927fcc9aba21433f088fdfb555b77c10",
                "sha256:46fb8c61d794b78ec7134a715a3e564aafc8f6b5e338417cb19fe9f57a5a9bf2",
                "sha256:48021783bdf96e3d6de03a6e39a1171ed5bd7e8bb93fc84cc649d11490f87cea",
                "sha256:4957669ef390f0e6719db3613ab3a7631e68424604a7b448f079bee145da6e09",
                "sha256:5e86d77b090dbddbe78867a0275cb4df08ea195e660f1f7f13435a4649e954e5",
                "sha256:6339d047dab2780cc6220f46306628e04d9750f02f983ddb37439ca47ced7149",
                "sha256:681eb3d7e02e3c3655d1b16059fbfb605ac464c834a0c629048a30fad2b27489",
                "sha256:6c409c0deba34f147f77efaa67b8e4bb83d2f11c8806405f76397ae5b8c0d1c9",
                "sha256:7095f6fbfaa55defb6b733cfeb14efaae7a29f0b59d8cf213be4e7ca0b857b80",
                "sha256:70c610f6cbe4b9fce272c407dd9d07e33e6bf7b4aa1b7ffb6f6ded8e634e3592",
                "sha256:72814c01533f51d68702802d74f77ea026b5ec52793c791e2da806a3844a46c3",
                "sha256:7a4826ad2bd6b07ca615c74ab91f32f6c96d08f6fcc3902ceeedaec8cdc3bcd6",
                "sha256:7c70087bfee18a42b4040bb9ec1ca15a08242cf5867c58726530bdf3945672ed",
                "sha256:855eafa5d5a2034b4621c74925d89c5efef61418570e5ef9b37717d9c796419c",
                "sha256:8700f06d0ce6f128de3ccdbc1acaea1ee264d2caa9ca05daaf492fde7c2a7200",
                "sha256:89f1b185a01fe560bc8ae5f619e924407efca2191b56ce749ec84982fc59a32a",
                "sha256:8b2c760cfc7042b27ebdb4a43a4453bd829a5742503599144d54a032c5dc7e9e",
                "sha256:8c2f5e83493748286002f9369f3e6607c565a6a90425a3a1fef5ae32a36d749d",
                "sha256:8e098148dd37b4ce3baca71fb394c81dc5d9c7728c95df695d2dca218edf40e6",
                "sha256:94aea8eff76ee6d1cdacb07dd2123a68283cb5569e0250feab1240058f53b623",
                "sha256:95eb302ff792e12aba9a8b8f8474ab229a83c103d74a750ec0bd1c1eea32e669",
                "sha256:9bd9b3b31adcb054116447ea22caa61a285d92e94d710aa5ec97992ff5eb7cf3",
                "sha256:9e608aafdb55eb9f255034709e20d5a83b6d60c054df0802fa9c9883d0a937aa",
                "sha256:a103b3a7069b62f5d4890ae1b8f0597618f628b286b03d4bc9195230b154bfa9",
                "sha256:a386ebe437176aab38c041de1260cd3ea459c6ce5263594399880bbc398225b2",
                "sha256:a38856a971c602f98472050165cea2cdc97709240373041b69030be15047691f",
                "sha256:a401b4598e5d3f4a9a811f3daf42ee2291790c7f9d74b18d75d6e21dda98a1a1",
                "sha256:a7647ebdfb9682b7bb97e2a5e7cb6ae735b1c25008a70b906aecca294ee96cf4",
                "sha256:aaf63899c94de41fe3cf934601b0f7ccb6b428c6e4eeb80da72c58eab077b19a",
                "sha256:b0dac0ff919ba34d4df1b6131f59ce95b08b9065233446be7e459f95554c0dc8",
                "sha256:baacc6aee0b2ef6f3d308e197b5d7a81c0e70b06beae1f1fcacffdbd124fe0e3",
                "sha256:bf420121d4c8dce6b889f0e8e4ec0ca34b7f40186203f06a946fa0276ba54029",
                "sha256:c04a46716adde8d927adb9457bbe39cf473e1e2c2f5d0a16ceb837e5d841ad4f",
                "sha256:c0b21078a4b56965e2b12f247467b234734491897e99c1d51cee628da9786959",
                "sha256:c1c76a1743432b4b60ab3358c937a3fe1341c828ae6194108a94c69028247f22",
                "sha256:c4983bf937209c57240cff65906b18bb35e64ae872da6a0db937d7b4af845dd7",
                "sha256:c4fb39a81950ec280984b3a44f5bd12819953dc5fa3a7e6fa7a80db5ee853952",
                "sha256:c57921cda3a80d0f2b8aec7e25c8aa14479ea92b5b51b6876d975d925a2ea346",
                "sha256:c8063cf17b19661471ecbdb3df1c84f24ad2e389e326ccaf89e3fb2484d8dd7e",
                "sha256:ccd16eb18a849fd8dcb23e23380e2f0a354e8daa0c984b8a732d9cfaba3a776d",
                "sha256:cd6dbe0238f7743d0efe563ab46294f54f9bc8f4b9bcf57c3c666cc5bc9d1299",
                "sha256:d62e51710986674142526ab9f78663ca2b0726066ae26b78b22e0f5e571238dd",
                "sha256:db901e2ac34c931d73054d9797383d0f8009991e723dab15109740a63e7f902a",
                "sha256:e03b8895a6990c9ab2cdcd0f2fe44088ca1c65ae592b8f795c3294af00a461c3",
                "sha256:e1c8a2f4c69e08e89632defbfabec2feb8a8d99edc9f89ce33c4b9e36ab63037",
                "sha256:e4b749b9cc6ee664a3300bb3a273c1ca8068c46be705b6c31cf5d276f8628a94",
                "sha256:e6a5bf2cba5ae1bb80b154ed68a3cfa2fa00fde979a7f50d6598d3e17d9ac20c",
                "sha256:e857a2232ba53ae940d3456f7533ce6ca98b81917d47adc3c7fd55dad8fab858",
                "sha256:ee4006268ed33370957f55bf2e6f4d263eaf4dc3cfc473d1d90baff6ed36ce4a",
                "sha256:eef9df1eefada2c09a5e7a40991b9fc6ac6ef20b1372abd48d2794a316dc0449",
                "sha256:f058f6963fd82eb143c692cecdc89e075fa0828db2e5b291070485390b2f1c9c",
                "sha256:f25c229a6ba38a35ae6e25ca1264621cc25d4d38dca2942a7fce0b67a4efe918",
                "sha256:f2a1d0fd4242bd8643ce6f98927cf9c04540af6efa92323e9d3124f57727bfc1",
                "sha256:f7560358a6811e52e9c4d142d497f1a6e10103d3a6881f18d04dbce3729c0e2c",
                "sha256:f779d3ad205f108d14e99bb3859aa7dd8e9c68874617c72354d7ecaec2a054ac",
                "sha256:f87f746ee241d30d6ed93969de31e5ffd09a2961a051e60ae6bddde9ec3583aa"
            ],
            "markers": "python_version >= '3.7'",
            "version": "==3.2.0"
        },
        "discord-logging": {
            "editable": true,
            "git": "https://github.com/Watchful1/DiscordLogging.git",
            "ref": "b3861f20c73ff8925a0aefefc7ed01896d340849"
        },
        "dnspython": {
            "hashes": [
                "sha256:57c6fbaaeaaf39c891292012060beb141791735dbb4004798328fc2c467402d8",
                "sha256:8dcfae8c7460a2f84b4072e26f1c9f4101ca20c071649cb7c34e8b6a93d58984"
            ],
            "markers": "python_version >= '3.8' and python_version < '4.0'",
            "version": "==2.4.2"
        },
        "idna": {
            "hashes": [
                "sha256:814f528e8dead7d329833b91c5faa87d60bf71824cd12a7530b5526063d02cb4",
                "sha256:90b77e79eaa3eba6de819a0c442c0b4ceefc341a7a2ab77d7562bf49f425c5c2"
            ],
            "markers": "python_version >= '3.5'",
            "version": "==3.4"
        },
        "numpy": {
            "hashes": [
                "sha256:0d60fbae8e0019865fc4784745814cff1c421df5afee233db6d88ab4f14655a2",
                "sha256:1a1329e26f46230bf77b02cc19e900db9b52f398d6722ca853349a782d4cff55",
                "sha256:1b9735c27cea5d995496f46a8b1cd7b408b3f34b6d50459d9ac8fe3a20cc17bf",
                "sha256:2792d23d62ec51e50ce4d4b7d73de8f67a2fd3ea710dcbc8563a51a03fb07b01",
                "sha256:3e0746410e73384e70d286f93abf2520035250aad8c5714240b0492a7302fdca",
                "sha256:4c3abc71e8b6edba80a01a52e66d83c5d14433cbcd26a40c329ec7ed09f37901",
                "sha256:5883c06bb92f2e6c8181df7b39971a5fb436288db58b5a1c3967702d4278691d",
                "sha256:5c97325a0ba6f9d041feb9390924614b60b99209a71a69c876f71052521d42a4",
                "sha256:60e7f0f7f6d0eee8364b9a6304c2845b9c491ac706048c7e8cf47b83123b8dbf",
                "sha256:76b4115d42a7dfc5d485d358728cdd8719be33cc5ec6ec08632a5d6fca2ed380",
                "sha256:7dc869c0c75988e1c693d0e2d5b26034644399dd929bc049db55395b1379e044",
                "sha256:834b386f2b8210dca38c71a6e0f4fd6922f7d3fcff935dbe3a570945acb1b545",
                "sha256:8b77775f4b7df768967a7c8b3567e309f617dd5e99aeb886fa14dc1a0791141f",
                "sha256:90319e4f002795ccfc9050110bbbaa16c944b1c37c0baeea43c5fb881693ae1f",
                "sha256:b79e513d7aac42ae918db3ad1341a015488530d0bb2a6abcbdd10a3a829ccfd3",
                "sha256:bb33d5a1cf360304754913a350edda36d5b8c5331a8237268c48f91253c3a364",
                "sha256:bec1e7213c7cb00d67093247f8c4db156fd03075f49876957dca4711306d39c9",
                "sha256:c5462d19336db4560041517dbb7759c21d181a67cb01b36ca109b2ae37d32418",
                "sha256:c5652ea24d33585ea39eb6a6a15dac87a1206a692719ff45d53c5282e66d4a8f",
                "sha256:d7806500e4f5bdd04095e849265e55de20d8cc4b661b038957354327f6d9b295",
                "sha256:db3ccc4e37a6873045580d413fe79b68e47a681af8db2e046f1dacfa11f86eb3",
                "sha256:dfe4a913e29b418d096e696ddd422d8a5d13ffba4ea91f9f60440a3b759b0187",
                "sha256:eb942bfb6f84df5ce05dbf4b46673ffed0d3da59f13635ea9b926af3deb76926",
                "sha256:f08f2e037bba04e707eebf4bc934f1972a315c883a9e0ebfa8a7756eabf9e357",
                "sha256:fd608e19c8d7c55021dffd43bfe5492fab8cc105cc8986f813f8c3c048b38760"
            ],
            "markers": "python_version >= '3.9'",
            "version": "==1.25.2"
        },
        "praw": {
            "hashes": [
                "sha256:9ec5dc943db00c175bc6a53f4e089ce625f3fdfb27305564b616747b767d38ef",
                "sha256:f1d7eef414cafe28080dda12ed09253a095a69933d5c8132eca11d4dc8a070bf"
            ],
            "index": "pypi",
            "version": "==7.7.1"
        },
        "prawcore": {
            "hashes": [
                "sha256:48c17db447fa06a13ca3e722201f443031437708daa736c05a1df895fbcceff5",
                "sha256:daf1ccd4b7a80dc4e6567d48336d782e94a9a6dad83770fc2edf76dc9a84f56d"
            ],
            "markers": "python_version ~= '3.6'",
            "version": "==2.3.0"
        },
        "pymongo": {
            "extras": [
                "srv"
            ],
            "hashes": [
                "sha256:076afa0a4a96ca9f77fec0e4a0d241200b3b3a1766f8d7be9a905ecf59a7416b",
                "sha256:08819da7864f9b8d4a95729b2bea5fffed08b63d3b9c15b4fea47de655766cf5",
                "sha256:0a1f26bc1f5ce774d99725773901820dfdfd24e875028da4a0252a5b48dcab5c",
                "sha256:0f4b125b46fe377984fbaecf2af40ed48b05a4b7676a2ff98999f2016d66b3ec",
                "sha256:1240edc1a448d4ada4bf1a0e55550b6292420915292408e59159fd8bbdaf8f63",
                "sha256:152259f0f1a60f560323aacf463a3642a65a25557683f49cfa08c8f1ecb2395a",
                "sha256:168172ef7856e20ec024fe2a746bfa895c88b32720138e6438fd765ebd2b62dd",
                "sha256:1b1d7d9aabd8629a31d63cd106d56cca0e6420f38e50563278b520f385c0d86e",
                "sha256:1d40ad09d9f5e719bc6f729cc6b17f31c0b055029719406bd31dde2f72fca7e7",
                "sha256:21b953da14549ff62ea4ae20889c71564328958cbdf880c64a92a48dda4c9c53",
                "sha256:23cc6d7eb009c688d70da186b8f362d61d5dd1a2c14a45b890bd1e91e9c451f2",
                "sha256:2988ef5e6b360b3ff1c6d55c53515499de5f48df31afd9f785d788cdacfbe2d3",
                "sha256:2a0aade2b11dc0c326ccd429ee4134d2d47459ff68d449c6d7e01e74651bd255",
                "sha256:2b0176f9233a5927084c79ff80b51bd70bfd57e4f3d564f50f80238e797f0c8a",
                "sha256:2d4fa1b01fa7e5b7bb8d312e3542e211b320eb7a4e3d8dc884327039d93cb9e0",
                "sha256:3236cf89d69679eaeb9119c840f5c7eb388a2110b57af6bb6baf01a1da387c18",
                "sha256:33faa786cc907de63f745f587e9879429b46033d7d97a7b84b37f4f8f47b9b32",
                "sha256:37df8f6006286a5896d1cbc3efb8471ced42e3568d38e6cb00857277047b0d63",
                "sha256:3a7166d57dc74d679caa7743b8ecf7dc3a1235a9fd178654dddb2b2a627ae229",
                "sha256:3d79ae3bb1ff041c0db56f138c88ce1dfb0209f3546d8d6e7c3f74944ecd2439",
                "sha256:3e33064f1984db412b34d51496f4ea785a9cff621c67de58e09fb28da6468a52",
                "sha256:3fa3648e4f1e63ddfe53563ee111079ea3ab35c3b09cd25bc22dadc8269a495f",
                "sha256:40d5f6e853ece9bfc01e9129b228df446f49316a4252bb1fbfae5c3c9dedebad",
                "sha256:41771b22dd2822540f79a877c391283d4e6368125999a5ec8beee1ce566f3f82",
                "sha256:435228d3c16a375274ac8ab9c4f9aef40c5e57ddb8296e20ecec9e2461da1017",
                "sha256:44ee985194c426ddf781fa784f31ffa29cb59657b2dba09250a4245431847d73",
                "sha256:465fd5b040206f8bce7016b01d7e7f79d2fcd7c2b8e41791be9632a9df1b4999",
                "sha256:496c9cbcb4951183d4503a9d7d2c1e3694aab1304262f831d5e1917e60386036",
                "sha256:49dce6957598975d8b8d506329d2a3a6c4aee911fa4bbcf5e52ffc6897122950",
                "sha256:4c42748ccc451dfcd9cef6c5447a7ab727351fd9747ad431db5ebb18a9b78a4d",
                "sha256:505f8519c4c782a61d94a17b0da50be639ec462128fbd10ab0a34889218fdee3",
                "sha256:53f2dda54d76a98b43a410498bd12f6034b2a14b6844ca08513733b2b20b7ad8",
                "sha256:56320c401f544d762fc35766936178fbceb1d9261cd7b24fbfbc8fb6f67aa8a5",
                "sha256:58a63a26a1e3dc481dd3a18d6d9f8bd1d576cd1ffe0d479ba7dd38b0aeb20066",
                "sha256:5caee7bd08c3d36ec54617832b44985bd70c4cbd77c5b313de6f7fce0bb34f93",
                "sha256:631492573a1bef2f74f9ac0f9d84e0ce422c251644cd81207530af4aa2ee1980",
                "sha256:63d8019eee119df308a075b8a7bdb06d4720bf791e2b73d5ab0e7473c115d79c",
                "sha256:6422b6763b016f2ef2beedded0e546d6aa6ba87910f9244d86e0ac7690f75c96",
                "sha256:681f252e43b3ef054ca9161635f81b730f4d8cadd28b3f2b2004f5a72f853982",
                "sha256:6d64878d1659d2a5bdfd0f0a4d79bafe68653c573681495e424ab40d7b6d6d41",
                "sha256:74c0da07c04d0781490b2915e7514b1adb265ef22af039a947988c331ee7455b",
                "sha256:7591a3beea6a9a4fa3080d27d193b41f631130e3ffa76b88c9ccea123f26dc59",
                "sha256:76a262c41c1a7cbb84a3b11976578a7eb8e788c4b7bfbd15c005fb6ca88e6e50",
                "sha256:77cfff95c1fafd09e940b3fdcb7b65f11442662fad611d0e69b4dd5d17a81c60",
                "sha256:8027c9063579083746147cf401a7072a9fb6829678076cd3deff28bb0e0f50c8",
                "sha256:80a167081c75cf66b32f30e2f1eaee9365af935a86dbd76788169911bed9b5d5",
                "sha256:840eaf30ccac122df260b6005f9dfae4ac287c498ee91e3e90c56781614ca238",
                "sha256:8543253adfaa0b802bfa88386db1009c6ebb7d5684d093ee4edc725007553d21",
                "sha256:89b3f2da57a27913d15d2a07d58482f33d0a5b28abd20b8e643ab4d625e36257",
                "sha256:8e559116e4128630ad3b7e788e2e5da81cbc2344dee246af44471fa650486a70",
                "sha256:9aff6279e405dc953eeb540ab061e72c03cf38119613fce183a8e94f31be608f",
                "sha256:9c04b9560872fa9a91251030c488e0a73bce9321a70f991f830c72b3f8115d0d",
                "sha256:9d2346b00af524757576cc2406414562cced1d4349c92166a0ee377a2a483a80",
                "sha256:a253b765b7cbc4209f1d8ee16c7287c4268d3243070bf72d7eec5aa9dfe2a2c2",
                "sha256:a8127437ebc196a6f5e8fddd746bd0903a400dc6b5ae35df672dd1ccc7170a2a",
                "sha256:b25f7bea162b3dbec6d33c522097ef81df7c19a9300722fa6853f5b495aecb77",
                "sha256:b33c17d9e694b66d7e96977e9e56df19d662031483efe121a24772a44ccbbc7e",
                "sha256:b4fe46b58010115514b842c669a0ed9b6a342017b15905653a5b1724ab80917f",
                "sha256:b520aafc6cb148bac09ccf532f52cbd31d83acf4d3e5070d84efe3c019a1adbf",
                "sha256:b5bbb87fa0511bd313d9a2c90294c88db837667c2bda2ea3fa7a35b59fd93b1f",
                "sha256:b6d2a56fc2354bb6378f3634402eec788a8f3facf0b3e7d468db5f2b5a78d763",
                "sha256:bbd705d5f3c3d1ff2d169e418bb789ff07ab3c70d567cc6ba6b72b04b9143481",
                "sha256:bc5d8c3647b8ae28e4312f1492b8f29deebd31479cd3abaa989090fb1d66db83",
                "sha256:c3c3525ea8658ee1192cdddf5faf99b07ebe1eeaa61bf32821126df6d1b8072b",
                "sha256:c9a9a39b7cac81dca79fca8c2a6479ef4c7b1aab95fad7544cc0e8fd943595a2",
                "sha256:cd4c8d6aa91d3e35016847cbe8d73106e3d1c9a4e6578d38e2c346bfe8edb3ca",
                "sha256:cf62da7a4cdec9a4b2981fcbd5e08053edffccf20e845c0b6ec1e77eb7fab61d",
                "sha256:d67225f05f6ea27c8dc57f3fa6397c96d09c42af69d46629f71e82e66d33fa4f",
                "sha256:dfcd2b9f510411de615ccedd47462dae80e82fdc09fe9ab0f0f32f11cf57eeb5",
                "sha256:e1f61355c821e870fb4c17cdb318669cfbcf245a291ce5053b41140870c3e5cc",
                "sha256:e249190b018d63c901678053b4a43e797ca78b93fb6d17633e3567d4b3ec6107",
                "sha256:e2654d1278384cff75952682d17c718ecc1ad1d6227bb0068fd826ba47d426a5",
                "sha256:e57d859b972c75ee44ea2ef4758f12821243e99de814030f69a3decb2aa86807",
                "sha256:e5a27f348909235a106a3903fc8e70f573d89b41d723a500869c6569a391cff7",
                "sha256:ead4f19d0257a756b21ac2e0e85a37a7245ddec36d3b6008d5bfe416525967dc",
                "sha256:f076b779aa3dc179aa3ed861be063a313ed4e48ae9f6a8370a9b1295d4502111",
                "sha256:f1bb3a62395ffe835dbef3a1cbff48fbcce709c78bd1f52e896aee990928432b",
                "sha256:f2227a08b091bd41df5aadee0a5037673f691e2aa000e1968b1ea2342afc6880",
                "sha256:f3754acbd7efc7f1b529039fcffc092a15e1cf045e31f22f6c9c5950c613ec4d",
                "sha256:fe48f50fb6348511a3268a893bfd4ab5f263f5ac220782449d03cd05964d1ae7",
                "sha256:fff7d17d30b2cd45afd654b3fc117755c5d84506ed25fda386494e4e0a3416e1"
            ],
            "index": "pypi",
            "version": "==4.5.0"
        },
        "requests": {
            "hashes": [
                "sha256:58cd2187c01e70e6e26505bca751777aa9f2ee0b7f4300988b709f44e013003f",
                "sha256:942c5a758f98d790eaed1a29cb6eefc7ffb0d1cf7af05c3d2791656dbd6ad1e1"
            ],
            "index": "pypi",
            "version": "==2.31.0"
        },
        "scipy": {
            "hashes": [
                "sha256:0f3261f14b767b316d7137c66cc4f33a80ea05841b9c87ad83a726205b901423",
                "sha256:10eb6af2f751aa3424762948e5352f707b0dece77288206f227864ddf675aca0",
                "sha256:1342ca385c673208f32472830c10110a9dcd053cf0c4b7d4cd7026d0335a6c1d",
                "sha256:214cdf04bbae7a54784f8431f976704ed607c4bc69ba0d5d5d6a9df84374df76",
                "sha256:2b997a5369e2d30c97995dcb29d638701f8000d04df01b8e947f206e5d0ac788",
                "sha256:2c91cf049ffb5575917f2a01da1da082fd24ed48120d08a6e7297dfcac771dcd",
                "sha256:3aeb87661de987f8ec56fa6950863994cd427209158255a389fc5aea51fa7055",
                "sha256:4447ad057d7597476f9862ecbd9285bbf13ba9d73ce25acfa4e4b11c6801b4c9",
                "sha256:542a757e2a6ec409e71df3d8fd20127afbbacb1c07990cb23c5870c13953d899",
                "sha256:8d9886f44ef8c9e776cb7527fb01455bf4f4a46c455c4682edc2c2cc8cd78562",
                "sha256:90d3b1364e751d8214e325c371f0ee0dd38419268bf4888b2ae1040a6b266b2a",
                "sha256:95763fbda1206bec41157582bea482f50eb3702c85fffcf6d24394b071c0e87a",
                "sha256:ac74b1512d38718fb6a491c439aa7b3605b96b1ed3be6599c17d49d6c60fca18",
                "sha256:afdb0d983f6135d50770dd979df50bf1c7f58b5b33e0eb8cf5c73c70600eae1d",
                "sha256:b0620240ef445b5ddde52460e6bc3483b7c9c750275369379e5f609a1050911c",
                "sha256:b133f237bd8ba73bad51bc12eb4f2d84cbec999753bf25ba58235e9fc2096d80",
                "sha256:b29318a5e39bd200ca4381d80b065cdf3076c7d7281c5e36569e99273867f61d",
                "sha256:b8425fa963a32936c9773ee3ce44a765d8ff67eed5f4ac81dc1e4a819a238ee9",
                "sha256:d2b813bfbe8dec6a75164523de650bad41f4405d35b0fa24c2c28ae07fcefb20",
                "sha256:d690e1ca993c8f7ede6d22e5637541217fc6a4d3f78b3672a6fe454dbb7eb9a7",
                "sha256:e367904a0fec76433bf3fbf3e85bf60dae8e9e585ffd21898ab1085a29a04d16",
                "sha256:ea932570b1c2a30edafca922345854ff2cd20d43cd9123b6dacfdecebfc1a80b",
                "sha256:f28f1f6cfeb48339c192efc6275749b2a25a7e49c4d8369a28b6591da02fbc9a",
                "sha256:f73102f769ee06041a3aa26b5841359b1a93cc364ce45609657751795e8f4a4a",
                "sha256:fa4909c6c20c3d91480533cddbc0e7c6d849e7d9ded692918c76ce5964997898"
            ],
            "index": "pypi",
            "version": "==1.11.2"
        },
        "sortedcontainers": {
            "hashes": [
                "sha256:25caa5a06cc30b6b83d11423433f65d1f9d76c4c6a0c90e3379eaa43b9bfdb88",
                "sha256:a163dcaede0f1c021485e957a39245190e74249897e2ae4b2aa38595db237ee0"
            ],
            "index": "pypi",
            "version": "==2.4.0"
        },
        "update-checker": {
            "hashes": [
                "sha256:6a2d45bb4ac585884a6b03f9eade9161cedd9e8111545141e9aa9058932acb13",
                "sha256:cbba64760a36fe2640d80d85306e8fe82b6816659190993b7bdabadee4d4bbfd"
            ],
            "version": "==0.18.0"
        },
        "urllib3": {
            "hashes": [
                "sha256:8d22f86aae8ef5e410d4f539fde9ce6b2113a001bb4d189e0aed70642d602b11",
                "sha256:de7df1803967d2c2a98e4b11bb7d6bd9210474c46e8a0401514e3a42a75ebde4"
            ],
            "markers": "python_version >= '3.7'",
            "version": "==2.0.4"
        },
        "websocket-client": {
            "hashes": [
                "sha256:53e95c826bf800c4c465f50093a8c4ff091c7327023b10bfaff40cf1ef170eaa",
                "sha256:ce54f419dfae71f4bdba69ebe65bf7f0a93fe71bc009ad3a010aacc3eebad537"
            ],
            "markers": "python_version >= '3.8'",
            "version": "==1.6.2"
        },
        "zstandard": {
            "hashes": [
                "sha256:0aad6090ac164a9d237d096c8af241b8dcd015524ac6dbec1330092dba151657",
                "sha256:0bdbe350691dec3078b187b8304e6a9c4d9db3eb2d50ab5b1d748533e746d099",
                "sha256:0e1e94a9d9e35dc04bf90055e914077c80b1e0c15454cc5419e82529d3e70728",
                "sha256:1243b01fb7926a5a0417120c57d4c28b25a0200284af0525fddba812d575f605",
                "sha256:144a4fe4be2e747bf9c646deab212666e39048faa4372abb6a250dab0f347a29",
                "sha256:14e10ed461e4807471075d4b7a2af51f5234c8f1e2a0c1d37d5ca49aaaad49e8",
                "sha256:1545fb9cb93e043351d0cb2ee73fa0ab32e61298968667bb924aac166278c3fc",
                "sha256:1e6e131a4df2eb6f64961cea6f979cdff22d6e0d5516feb0d09492c8fd36f3bc",
                "sha256:25fbfef672ad798afab12e8fd204d122fca3bc8e2dcb0a2ba73bf0a0ac0f5f07",
                "sha256:2769730c13638e08b7a983b32cb67775650024632cd0476bf1ba0e6360f5ac7d",
                "sha256:48b6233b5c4cacb7afb0ee6b4f91820afbb6c0e3ae0fa10abbc20000acdf4f11",
                "sha256:4af612c96599b17e4930fe58bffd6514e6c25509d120f4eae6031b7595912f85",
                "sha256:52b2b5e3e7670bd25835e0e0730a236f2b0df87672d99d3bf4bf87248aa659fb",
                "sha256:57ac078ad7333c9db7a74804684099c4c77f98971c151cee18d17a12649bc25c",
                "sha256:62957069a7c2626ae80023998757e27bd28d933b165c487ab6f83ad3337f773d",
                "sha256:649a67643257e3b2cff1c0a73130609679a5673bf389564bc6d4b164d822a7ce",
                "sha256:67829fdb82e7393ca68e543894cd0581a79243cc4ec74a836c305c70a5943f07",
                "sha256:7d3bc4de588b987f3934ca79140e226785d7b5e47e31756761e48644a45a6766",
                "sha256:7f2afab2c727b6a3d466faee6974a7dad0d9991241c498e7317e5ccf53dbc766",
                "sha256:8070c1cdb4587a8aa038638acda3bd97c43c59e1e31705f2766d5576b329e97c",
                "sha256:8257752b97134477fb4e413529edaa04fc0457361d304c1319573de00ba796b1",
                "sha256:9980489f066a391c5572bc7dc471e903fb134e0b0001ea9b1d3eff85af0a6f1b",
                "sha256:9cff89a036c639a6a9299bf19e16bfb9ac7def9a7634c52c257166db09d950e7",
                "sha256:a8d200617d5c876221304b0e3fe43307adde291b4a897e7b0617a61611dfff6a",
                "sha256:a9fec02ce2b38e8b2e86079ff0b912445495e8ab0b137f9c0505f88ad0d61296",
                "sha256:b1367da0dde8ae5040ef0413fb57b5baeac39d8931c70536d5f013b11d3fc3a5",
                "sha256:b69cccd06a4a0a1d9fb3ec9a97600055cf03030ed7048d4bcb88c574f7895773",
                "sha256:b72060402524ab91e075881f6b6b3f37ab715663313030d0ce983da44960a86f",
                "sha256:c053b7c4cbf71cc26808ed67ae955836232f7638444d709bfc302d3e499364fa",
                "sha256:cff891e37b167bc477f35562cda1248acc115dbafbea4f3af54ec70821090965",
                "sha256:d12fa383e315b62630bd407477d750ec96a0f438447d0e6e496ab67b8b451d39",
                "sha256:d2d61675b2a73edcef5e327e38eb62bdfc89009960f0e3991eae5cc3d54718de",
                "sha256:db62cbe7a965e68ad2217a056107cc43d41764c66c895be05cf9c8b19578ce9c",
                "sha256:ddb086ea3b915e50f6604be93f4f64f168d3fc3cef3585bb9a375d5834392d4f",
                "sha256:df28aa5c241f59a7ab524f8ad8bb75d9a23f7ed9d501b0fed6d40ec3064784e8",
                "sha256:e1e0c62a67ff425927898cf43da2cf6b852289ebcc2054514ea9bf121bec10a5",
                "sha256:e6048a287f8d2d6e8bc67f6b42a766c61923641dd4022b7fd3f7439e17ba5a4d",
                "sha256:e7d560ce14fd209db6adacce8908244503a009c6c39eee0c10f138996cd66d3e",
                "sha256:ea68b1ba4f9678ac3d3e370d96442a6332d431e5050223626bdce748692226ea",
                "sha256:f08e3a10d01a247877e4cb61a82a319ea746c356a3786558bed2481e6c405546",
                "sha256:f1b9703fe2e6b6811886c44052647df7c37478af1b4a1a9078585806f42e5b15",
                "sha256:fe6c821eb6870f81d73bf10e5deed80edcac1e63fbc40610e61f340723fd5f7c",
                "sha256:ff0852da2abe86326b20abae912d0367878dd0854b8931897d44cfeb18985472"
            ],
            "index": "pypi",
            "version": "==0.21.0"
        }
    },
    "develop": {}
}
