{
    "_meta": {
        "hash": {
            "sha256": "a51fa71c4c074b077d533e5468b6ea282e5d0bef9d17ddaf122e43488868d7f1"
        },
        "pipfile-spec": 6,
        "requires": {
            "python_version": "3.9"
        },
        "sources": [
            {
                "name": "pypi",
                "url": "https://pypi.org/simple",
                "verify_ssl": true
            }
        ]
    },
    "default": {
        "certifi": {
            "hashes": [
                "sha256:84c85a9078b11105f04f3036a9482ae10e4621616db313fe045dd24743a0820d",
                "sha256:fe86415d55e84719d75f8b69414f6438ac3547d2078ab91b67e779ef69378412"
            ],
            "markers": "python_full_version >= '3.6.0'",
            "version": "==2022.6.15"
        },
        "charset-normalizer": {
            "hashes": [
                "sha256:5189b6f22b01957427f35b6a08d9a0bc45b46d3788ef5a92e978433c7a35f8a5",
                "sha256:575e708016ff3a5e3681541cb9d79312c416835686d054a23accb873b254f413"
            ],
            "markers": "python_full_version >= '3.6.0'",
            "version": "==2.1.0"
        },
        "discord-logging": {
            "editable": true,
            "git": "https://github.com/Watchful1/DiscordLogging.git",
            "ref": "9e543194d3612dde92eae1203d0ea143a7963f6e"
        },
        "dnspython": {
            "hashes": [
                "sha256:0f7569a4a6ff151958b64304071d370daa3243d15941a7beedf0c9fe5105603e",
                "sha256:a851e51367fb93e9e1361732c1d60dab63eff98712e503ea7d92e6eccb109b4f"
            ],
            "version": "==2.2.1"
        },
        "idna": {
            "hashes": [
                "sha256:84d9dd047ffa80596e0f246e2eab0b391788b0503584e8945f2368256d2735ff",
                "sha256:9d643ff0a55b762d5cdb124b8eaa99c66322e2157b69160bc32796e824360e6d"
            ],
            "markers": "python_version >= '3.5'",
            "version": "==3.3"
        },
        "numpy": {
            "hashes": [
                "sha256:1408c3527a74a0209c781ac82bde2182b0f0bf54dea6e6a363fe0cc4488a7ce7",
                "sha256:173f28921b15d341afadf6c3898a34f20a0569e4ad5435297ba262ee8941e77b",
                "sha256:1865fdf51446839ca3fffaab172461f2b781163f6f395f1aed256b1ddc253622",
                "sha256:3119daed207e9410eaf57dcf9591fdc68045f60483d94956bee0bfdcba790953",
                "sha256:35590b9c33c0f1c9732b3231bb6a72d1e4f77872390c47d50a615686ae7ed3fd",
                "sha256:37e5ebebb0eb54c5b4a9b04e6f3018e16b8ef257d26c8945925ba8105008e645",
                "sha256:37ece2bd095e9781a7156852e43d18044fd0d742934833335599c583618181b9",
                "sha256:3ab67966c8d45d55a2bdf40701536af6443763907086c0a6d1232688e27e5447",
                "sha256:47f10ab202fe4d8495ff484b5561c65dd59177949ca07975663f4494f7269e3e",
                "sha256:55df0f7483b822855af67e38fb3a526e787adf189383b4934305565d71c4b148",
                "sha256:5d732d17b8a9061540a10fda5bfeabca5785700ab5469a5e9b93aca5e2d3a5fb",
                "sha256:68b69f52e6545af010b76516f5daaef6173e73353e3295c5cb9f96c35d755641",
                "sha256:7e8229f3687cdadba2c4faef39204feb51ef7c1a9b669247d49a24f3e2e1617c",
                "sha256:8002574a6b46ac3b5739a003b5233376aeac5163e5dcd43dd7ad062f3e186129",
                "sha256:876f60de09734fbcb4e27a97c9a286b51284df1326b1ac5f1bf0ad3678236b22",
                "sha256:9ce242162015b7e88092dccd0e854548c0926b75c7924a3495e02c6067aba1f5",
                "sha256:a35c4e64dfca659fe4d0f1421fc0f05b8ed1ca8c46fb73d9e5a7f175f85696bb",
                "sha256:aeba539285dcf0a1ba755945865ec61240ede5432df41d6e29fab305f4384db2",
                "sha256:b15c3f1ed08df4980e02cc79ee058b788a3d0bef2fb3c9ca90bb8cbd5b8a3a04",
                "sha256:c2f91f88230042a130ceb1b496932aa717dcbd665350beb821534c5c7e15881c",
                "sha256:d748ef349bfef2e1194b59da37ed5a29c19ea8d7e6342019921ba2ba4fd8b624",
                "sha256:e0d7447679ae9a7124385ccf0ea990bb85bb869cef217e2ea6c844b6a6855073"
            ],
            "markers": "python_version >= '3.8'",
            "version": "==1.23.1"
        },
        "pymongo": {
            "extras": [
                "srv"
            ],
            "hashes": [
                "sha256:019a4c13ef1d9accd08de70247068671b116a0383adcd684f6365219f29f41cd",
                "sha256:07f50a3b8a3afb086089abcd9ab562fb2a27b63fd7017ca13dfe7b663c8f3762",
                "sha256:08a619c92769bd7346434dfc331a3aa8dc63bee80ed0be250bb0e878c69a6f3e",
                "sha256:0a3474e6a0df0077a44573727341df6627042df5ca61ea5373c157bb6512ccc7",
                "sha256:0b8a1c766de29173ddbd316dbd75a97b19a4cf9ac45a39ad4f53426e5df1483b",
                "sha256:0f7e3872fb7b61ec574b7e04302ea03928b670df583f8691cb1df6e54cd42b19",
                "sha256:17df40753085ccba38a0e150001f757910d66440d9b5deced30ed4cc8b45b6f3",
                "sha256:298908478d07871dbe17e9ccd37a10a27ad3f37cc1faaf0cc4d205da3c3e8539",
                "sha256:302ac0f4825501ab0900b8f1a2bb2dc7d28f69c7f15fbc799fb26f9b9ebb1ecb",
                "sha256:303d1b3da2461586379d98b344b529598c8156857285ba5bd156dab1c875d1f6",
                "sha256:306336dab4537b2343e52ec34017c3051c3aee5a961fff4915ab27f7e6d9b1e9",
                "sha256:30d35a8855f328a85e5002f0908b24e500efdf8f5f78b73098995ce111baa2a9",
                "sha256:3139c9ddee379c22a9109a0b3bf4cdb64597db2bbd3909f7a2825b47226977a4",
                "sha256:32e785c37f6a0e844788c6085ea2c9c0c528348c22cebe91896705a92f2b1b26",
                "sha256:33a5693e8d1fbb7743b7e867d43c1095652a0c6fedddab6cefe6020bee2ca393",
                "sha256:35d02603c2318676fca5049cdc722bb2e7a378eaccf139ad767365e0eb3bcdbe",
                "sha256:4516a5ce2beaebddc74d6e304ed520324dda99573c310ef4078284b026f81e93",
                "sha256:49bb36986f11da2da190a2e777a411c0a28eeb8623850091ea8099b84e3860c7",
                "sha256:4aa4800530782f7d38aeb169476a5bc692aacc394686f0ca3866e4bb85c9aa3f",
                "sha256:4d1cdece06156542c18b691511a01fe78a694b9fa287ffd8e15680dbf2beeed5",
                "sha256:4e4d2babb8737d650250d0fa940ffa1b88aa92b8eb399af093734950a1eeca45",
                "sha256:4fd5c4f25d8d488ee5701c3ec786f52907dca653b47ce8709bcc2bfb0f5506ae",
                "sha256:52c8b7bffd2140818ade2aa28c24cfe47935a7273a3bb976d1d8fb17e716536f",
                "sha256:56b856a459762a3c052987e28ed2bd4b874f0be6671d2cc4f74c4891f47f997a",
                "sha256:571a3e1ef4abeb4ac719ac381f5aada664627b4ee048d9995e93b4bcd0f70601",
                "sha256:5cae9c935cdc53e4729920543b7d990615a115d85f32144773bc4b2b05144628",
                "sha256:5d6ef3fa41f3e3be93483a77f81dea8c7ce5ed4411382a31af2b09b9ec5d9585",
                "sha256:6396f0db060db9d8751167ea08f3a77a41a71cd39236fade4409394e57b377e8",
                "sha256:69beffb048de19f7c18617b90e38cbddfac20077b1826c27c3fe2e3ef8ac5a43",
                "sha256:7507439cd799295893b5602f438f8b6a0f483efb00720df1aa33a39102b41bcf",
                "sha256:7aa40509dd9f75c256f0a7533d5e2ccef711dbbf0d91c13ac937d21d76d71656",
                "sha256:7d69a3d980ecbf7238ab37b9027c87ad3b278bb3742a150fc33b5a8a9d990431",
                "sha256:7dae2cf84a09329617b08731b95ad1fc98d50a9b40c2007e351438bd119a2f7a",
                "sha256:7f36eacc70849d40ce86c85042ecfcbeab810691b1a3b08062ede32a2d6521ac",
                "sha256:7f55a602d55e8f0feafde533c69dfd29bf0e54645ab0996b605613cda6894a85",
                "sha256:8357aa727094798f1d831339ecfd8b3e388c01db6015a3cbd51790cb75e39994",
                "sha256:84dc6bfeaeba98fe93fc837b12f9af4842694cdbde18083f150e80aec3de88f9",
                "sha256:86b18420f00d5977bda477369ac85e04185ef94046a04ae0d85f5a807d1a8eb4",
                "sha256:89f32d8450e15b0c11efdc81e2704d68c502c889d48415a50add9fa031144f75",
                "sha256:8a1de8931cdad8cd12724e12a6167eef8cb478cc3ee5d2c9f4670c934f2975e1",
                "sha256:8f106468062ac7ff03e3522a66cb7b36c662326d8eb7af1be0f30563740ff002",
                "sha256:9a4ea87a0401c06b687db29e2ae836b2b58480ab118cb6eea8ac2ef45a4345f8",
                "sha256:9ee1b019a4640bf39c0705ab65e934cfe6b89f1a8dc26f389fae3d7c62358d6f",
                "sha256:a0d7c6d6fbca62508ea525abd869fca78ecf68cd3bcf6ae67ec478aa37cf39c0",
                "sha256:a1417cb339a367a5dfd0e50193a1c0e87e31325547a0e7624ee4ff414c0b53b3",
                "sha256:a35f1937b0560587d478fd2259a6d4f66cf511c9d28e90b52b183745eaa77d95",
                "sha256:a4a35e83abfdac7095430e1c1476e0871e4b234e936f4a7a7631531b09a4f198",
                "sha256:a7d1c8830a7bc10420ceb60a256d25ab5b032a6dad12a46af6ab2e470cee9124",
                "sha256:a938d4d5b530f8ea988afb80817209eabc150c53b8c7af79d40080313a35e470",
                "sha256:a9a2c377106fe01a57bad0f703653de286d56ee5285ed36c6953535cfa11f928",
                "sha256:baf7546afd27be4f96f23307d7c295497fb512875167743b14a7457b95761294",
                "sha256:bb21e2f35d6f09aa4a6df0c716f41e036cfcf05a98323b50294f93085ad775e9",
                "sha256:bc62ba37bcb42e4146b853940b65a2de31c2962d2b6da9bc3ce28270d13b5c4e",
                "sha256:be3ba736aabf856195199208ed37459408c932940cbccd2dc9f6ff2e800b0261",
                "sha256:c03eb43d15c8af58159e7561076634d565530aaacaf48cf4e070c3501e88a372",
                "sha256:c1349331fa743eed4042f9652200e60596f8beb957554acbcbb42aad4272c606",
                "sha256:c3637cfce519560e2a2579d05eb81e912d109283b8ddc8de46f57ec20d273d92",
                "sha256:c481cd1af2a77f58f495f7f87c2d715c6f1179d07c1ec927cca1f7977a2d99aa",
                "sha256:c575f9499e5f540e034ff87bef894f031ae613a98b0d1d3afcc1f482527d5f1c",
                "sha256:c604831daf2e7e5979ecd97a90cb8c4a7bae208ff45bc792e32eae09c3281afb",
                "sha256:c759e1e0333664831d8d1d6b26cf59f23f3707758f696c71f506504b33130f81",
                "sha256:c8a2743dd50629c0222f26c5f55975e45841d985b4b1c7a54b3f03b53de3427d",
                "sha256:cbcac9263f500da94405cc9fc7e7a42a3ba6c2fe88b2cd7039737cba44c66889",
                "sha256:cce1b7a680653e31ff2b252f19a39f1ded578a35a96c419ddb9632c62d2af7d8",
                "sha256:cf96799b3e5e2e2f6dbca015f72b28e7ae415ce8147472f89a3704a035d6336d",
                "sha256:d06ed18917dbc7a938c4231cbbec52a7e474be270b2ef9208abb4d5a34f5ceb9",
                "sha256:d4ba5b4f1a0334dbe673f767f28775744e793fcb9ea57a1d72bc622c9f90e6b4",
                "sha256:d7b8f25c9b0043cbaf77b8b895814e33e7a3c807a097377c07e1bd49946030d5",
                "sha256:d86511ef8217822fb8716460aaa1ece31fe9e8a48900e541cb35acb7c35e9e2e",
                "sha256:db8a9cbe965c7343feab2e2bf9a3771f303f8a7ca401dececb6ef28e06b3b18c",
                "sha256:dbe92a8808cefb284e235b8f82933d7d2e24ff929fe5d53f1fd3ca55fced4b58",
                "sha256:deb83cc9f639045e2febcc8d4306d4b83893af8d895f2ed70aa342a3430b534c",
                "sha256:df9084e06efb3d59608a6a443faa9861828585579f0ae8e95f5a4dab70f1a00f",
                "sha256:dfb89e92746e4a1e0d091cba73d6cc1e16b4094ebdbb14c2e96a80320feb1ad7",
                "sha256:e13ddfe2ead9540e8773cae098f54c5206d6fcef64846a3e5042db47fc3a41ed",
                "sha256:e4956384340eec7b526149ac126c8aa11d32441cb3ce77a690cb4821d0d0635c",
                "sha256:e6eecd027b6ba5617ea6af3e12e20d578d8f4ad1bf51a9abe69c6fd4835ea532",
                "sha256:eff9818b7671a55f1ce781398607e0d8c304cd430c0581fbe15b868a7a371c27",
                "sha256:f0aea377b9dfc166c8fa05bb158c30ee3d53d73f0ed2fc05ba6c638d9563422f",
                "sha256:f1fba193ab2f25849e24caa4570611aa2f80bc1c1ba791851523734b4ed69e43",
                "sha256:f6db4f00d3baad615e99a865539391243d12b113fb628ebda1d7794ce02d5a10",
                "sha256:f9405c02af86850e0a8a8ba777b7e7609e0d07bff46adc4f78892cc2d5456018",
                "sha256:fb4445e3721720c5ca14c0650f35c263b3430e6e16df9d2504618df914b3fb99"
            ],
            "index": "pypi",
            "version": "==4.1.1"
        },
        "requests": {
            "hashes": [
                "sha256:7c5599b102feddaa661c826c56ab4fee28bfd17f5abca1ebbe3e7f19d7c97983",
                "sha256:8fefa2a1a1365bf5520aac41836fbee479da67864514bdb821f31ce07ce65349"
            ],
            "index": "pypi",
            "version": "==2.28.1"
        },
        "scipy": {
            "hashes": [
                "sha256:02b567e722d62bddd4ac253dafb01ce7ed8742cf8031aea030a41414b86c1125",
                "sha256:1166514aa3bbf04cb5941027c6e294a000bba0cf00f5cdac6c77f2dad479b434",
                "sha256:1da52b45ce1a24a4a22db6c157c38b39885a990a566748fc904ec9f03ed8c6ba",
                "sha256:23b22fbeef3807966ea42d8163322366dd89da9bebdc075da7034cee3a1441ca",
                "sha256:28d2cab0c6ac5aa131cc5071a3a1d8e1366dad82288d9ec2ca44df78fb50e649",
                "sha256:2ef0fbc8bcf102c1998c1f16f15befe7cffba90895d6e84861cd6c6a33fb54f6",
                "sha256:3b69b90c9419884efeffaac2c38376d6ef566e6e730a231e15722b0ab58f0328",
                "sha256:4b93ec6f4c3c4d041b26b5f179a6aab8f5045423117ae7a45ba9710301d7e462",
                "sha256:4e53a55f6a4f22de01ffe1d2f016e30adedb67a699a310cdcac312806807ca81",
                "sha256:6311e3ae9cc75f77c33076cb2794fb0606f14c8f1b1c9ff8ce6005ba2c283621",
                "sha256:65b77f20202599c51eb2771d11a6b899b97989159b7975e9b5259594f1d35ef4",
                "sha256:6cc6b33139eb63f30725d5f7fa175763dc2df6a8f38ddf8df971f7c345b652dc",
                "sha256:70de2f11bf64ca9921fda018864c78af7147025e467ce9f4a11bc877266900a6",
                "sha256:70ebc84134cf0c504ce6a5f12d6db92cb2a8a53a49437a6bb4edca0bc101f11c",
                "sha256:83606129247e7610b58d0e1e93d2c5133959e9cf93555d3c27e536892f1ba1f2",
                "sha256:93d07494a8900d55492401917a119948ed330b8c3f1d700e0b904a578f10ead4",
                "sha256:9c4e3ae8a716c8b3151e16c05edb1daf4cb4d866caa385e861556aff41300c14",
                "sha256:9dd4012ac599a1e7eb63c114d1eee1bcfc6dc75a29b589ff0ad0bb3d9412034f",
                "sha256:9e3fb1b0e896f14a85aa9a28d5f755daaeeb54c897b746df7a55ccb02b340f33",
                "sha256:a0aa8220b89b2e3748a2836fbfa116194378910f1a6e78e4675a095bcd2c762d",
                "sha256:d3b3c8924252caaffc54d4a99f1360aeec001e61267595561089f8b5900821bb",
                "sha256:e013aed00ed776d790be4cb32826adb72799c61e318676172495383ba4570aa4",
                "sha256:f3e7a8867f307e3359cc0ed2c63b61a1e33a19080f92fe377bc7d49f646f2ec1"
            ],
            "index": "pypi",
            "version": "==1.8.1"
        },
        "urllib3": {
            "hashes": [
                "sha256:8298d6d56d39be0e3bc13c1c97d133f9b45d797169a0e11cdd0e0489d786f7ec",
                "sha256:879ba4d1e89654d9769ce13121e0f94310ea32e8d2f8cf587b77c08bbcdb30d6"
            ],
            "markers": "python_version >= '2.7' and python_version not in '3.0, 3.1, 3.2, 3.3, 3.4, 3.5' and python_version < '4'",
            "version": "==1.26.10"
        },
        "zstandard": {
            "hashes": [
                "sha256:083dc08abf03807af9beeb2b6a91c23ad78add2499f828176a3c7b742c44df02",
                "sha256:0ac0357a0d985b4ff31a854744040d7b5754385d1f98f7145c30e02c6865cb6f",
                "sha256:19cac7108ff2c342317fad6dc97604b47a41f403c8f19d0bfc396dfadc3638b8",
                "sha256:1af1268a7dc870eb27515fb8db1f3e6c5a555d2b7bcc476fc3bab8886c7265ab",
                "sha256:1be31e9e3f7607ee0cdd60915410a5968b205d3e7aa83b7fcf3dd76dbbdb39e0",
                "sha256:1dc2d3809e763055a1a6c1a73f2b677320cc9a5aa1a7c6cfb35aee59bddc42d9",
                "sha256:266aba27fa9cc5e9091d3d325ebab1fa260f64e83e42516d5e73947c70216a5b",
                "sha256:28723a1d2e4df778573b76b321ebe9f3469ac98988104c2af116dd344802c3f8",
                "sha256:2dc466207016564805e56d28375f4f533b525ff50d6776946980dff5465566ac",
                "sha256:39e98cf4773234bd9cebf9f9db730e451dfcfe435e220f8921242afda8321887",
                "sha256:3af8c2383d02feb6650e9255491ec7d0824f6e6dd2bbe3e521c469c985f31fb1",
                "sha256:46f679bc5dfd938db4fb058218d9dc4db1336ffaf1ea774ff152ecadabd40805",
                "sha256:490d11b705b8ae9dc845431bacc8dd1cef2408aede176620a5cd0cd411027936",
                "sha256:49685bf9a55d1ab34bd8423ea22db836ba43a181ac6b045ac4272093d5cb874e",
                "sha256:4a2ee1d4f98447f3e5183ecfce5626f983504a4a0c005fbe92e60fa8e5d547ec",
                "sha256:4cbb85f29a990c2fdbf7bc63246567061a362ddca886d7fae6f780267c0a9e67",
                "sha256:5228e596eb1554598c872a337bbe4e5afe41cd1f8b1b15f2e35b50d061e35244",
                "sha256:533db8a6fac6248b2cb2c935e7b92f994efbdeb72e1ffa0b354432e087bb5a3e",
                "sha256:63694a376cde0aa8b1971d06ca28e8f8b5f492779cb6ee1cc46bbc3f019a42a5",
                "sha256:702a8324cd90c74d9c8780d02bf55e79da3193c870c9665ad3a11647e3ad1435",
                "sha256:7231543d38d2b7e02ef7cc78ef7ffd86419437e1114ff08709fe25a160e24bd6",
                "sha256:75479e7c2b3eebf402c59fbe57d21bc400cefa145ca356ee053b0a08908c5784",
                "sha256:76725d1ee83a8915100a310bbad5d9c1fc6397410259c94033b8318d548d9990",
                "sha256:8677ffc6a6096cccbd892e558471c901fd821aba12b7fbc63833c7346f549224",
                "sha256:8b2260c4e07dd0723eadb586de7718b61acca4083a490dda69c5719d79bc715c",
                "sha256:999a4e1768f219826ba3fa2064fab1c86dd72fdd47a42536235478c3bb3ca3e2",
                "sha256:9df59cd1cf3c62075ee2a4da767089d19d874ac3ad42b04a71a167e91b384722",
                "sha256:a7fa67cba473623848b6e88acf8d799b1906178fd883fb3a1da24561c779593b",
                "sha256:bd3220d7627fd4d26397211cb3b560ec7cc4a94b75cfce89e847e8ce7fabe32d",
                "sha256:bfa6c8549fa18e6497a738b7033c49f94a8e2e30c5fbe2d14d0b5aa8bbc1695d",
                "sha256:c86befac87445927488f5c8f205d11566f64c11519db223e9d282b945fa60dab",
                "sha256:c990063664c08169c84474acecc9251ee035871589025cac47c060ff4ec4bc1a",
                "sha256:cdb44d7284c8c5dd1b66dfb86dda7f4560fa94bfbbc1d2da749ba44831335e32",
                "sha256:ce6f59cba9854fd14da5bfe34217a1501143057313966637b7291d1b0267bd1e",
                "sha256:d4a8fd45746a6c31e729f35196e80b8f1e9987c59f5ccb8859d7c6a6fbeb9c63",
                "sha256:d6c85ca5162049ede475b7ec98e87f9390501d44a3d6776ddd504e872464ec25",
                "sha256:d716a7694ce1fa60b20bc10f35c4a22be446ef7f514c8dbc8f858b61976de2fb",
                "sha256:d85bfabad444812133a92fc6fbe463e1d07581dba72f041f07a360e63808b23c",
                "sha256:d956e2f03c7200d7e61345e0880c292783ec26618d0d921dcad470cb195bbce2",
                "sha256:dbb3cb8a082d62b8a73af42291569d266b05605e017a3d8a06a0e5c30b5f10f0",
                "sha256:dc2a4de9f363b3247d472362a65041fe4c0f59e01a2846b15d13046be866a885",
                "sha256:e02043297c1832f2666cd2204f381bef43b10d56929e13c42c10c732c6e3b4ed",
                "sha256:eea18c1e7442f2aa9aff1bb84550dbb6a1f711faf6e48e7319de8f2b2e923c2a",
                "sha256:ef7e8a200e4c8ac9102ed3c90ed2aa379f6b880f63032200909c1be21951f556"
            ],
            "index": "pypi",
            "version": "==0.18.0"
        }
    },
    "develop": {}
}
